
Microsoft Visual Studio Solution File, Format Version 12.00
# Visual Studio Version 16
VisualStudioVersion = 16.0.30320.27
MinimumVisualStudioVersion = 10.0.40219.1
Project("{FAE04EC0-301F-11D3-BF4B-00C04F79EFBC}") = "GenericsClassCollections", "GenericsClassCollections\GenericsClassCollections.csproj", "{2EBFD1B5-B280-48B1-89B0-D69BD7230B55}"
EndProject
Global
	GlobalSection(SolutionConfigurationPlatforms) = preSolution
		Debug|Any CPU = Debug|Any CPU
		Release|Any CPU = Release|Any CPU
	EndGlobalSection
	GlobalSection(ProjectConfigurationPlatforms) = postSolution
		{2EBFD1B5-B280-48B1-89B0-D69BD7230B55}.Debug|Any CPU.ActiveCfg = Debug|Any CPU
		{2EBFD1B5-B280-48B1-89B0-D69BD7230B55}.Debug|Any CPU.Build.0 = Debug|Any CPU
		{2EBFD1B5-B280-48B1-89B0-D69BD7230B55}.Release|Any CPU.ActiveCfg = Release|Any CPU
		{2EBFD1B5-B280-48B1-89B0-D69BD7230B55}.Release|Any CPU.Build.0 = Release|Any CPU
	EndGlobalSection
	GlobalSection(SolutionProperties) = preSolution
		HideSolutionNode = FALSE
	EndGlobalSection
	GlobalSection(ExtensibilityGlobals) = postSolution
		SolutionGuid = {368D9DB1-AC4C-40A3-BF0C-704CB2F6AC30}
	EndGlobalSection
EndGlobal
